
Microsoft Visual Studio Solution File, Format Version 12.00
# Visual Studio Version 17
VisualStudioVersion = 17.11.35327.3
MinimumVisualStudioVersion = 10.0.40219.1
Project("{FAE04EC0-301F-11D3-BF4B-00C04F79EFBC}") = "CludeTestApi", "CludeTestApi\CludeTestApi.csproj", "{21F8EB6D-A9AC-4C76-B573-AF32CB59DB7B}"
EndProject
Global
	GlobalSection(SolutionConfigurationPlatforms) = preSolution
		Debug|Any CPU = Debug|Any CPU
		Release|Any CPU = Release|Any CPU
	EndGlobalSection
	GlobalSection(ProjectConfigurationPlatforms) = postSolution
		{21F8EB6D-A9AC-4C76-B573-AF32CB59DB7B}.Debug|Any CPU.ActiveCfg = Debug|Any CPU
		{21F8EB6D-A9AC-4C76-B573-AF32CB59DB7B}.Debug|Any CPU.Build.0 = Debug|Any CPU
		{21F8EB6D-A9AC-4C76-B573-AF32CB59DB7B}.Release|Any CPU.ActiveCfg = Release|Any CPU
		{21F8EB6D-A9AC-4C76-B573-AF32CB59DB7B}.Release|Any CPU.Build.0 = Release|Any CPU
	EndGlobalSection
	GlobalSection(SolutionProperties) = preSolution
		HideSolutionNode = FALSE
	EndGlobalSection
	GlobalSection(ExtensibilityGlobals) = postSolution
		SolutionGuid = {E6C830DE-FCC7-45B6-917A-5746B0C46699}
	EndGlobalSection
EndGlobal
